Microsoft Visual Studio Solution File, Format Version 12.00
# Visual Studio Version 17
VisualStudioVersion = 17.5.2.0
MinimumVisualStudioVersion = 10.0.40219.1
Project("{2150E333-8FDC-42A3-9474-1A3956D46DE8}") = "desktop_app", "desktop_app", "{0701BB07-FB73-E697-BDF3-20520032AC3F}"
EndProject
Project("{FAE04EC0-301F-11D3-BF4B-00C04F79EFBC}") = "AKICinemaAdmin", "desktop_app\AKICinemaAdmin\AKICinemaAdmin.csproj", "{18BE213E-61A4-FCF4-B1DE-9048CA0497C9}"
EndProject
Global
	GlobalSection(SolutionConfigurationPlatforms) = preSolution
		Debug|Any CPU = Debug|Any CPU
		Release|Any CPU = Release|Any CPU
	EndGlobalSection
	GlobalSection(ProjectConfigurationPlatforms) = postSolution
		{18BE213E-61A4-FCF4-B1DE-9048CA0497C9}.Debug|Any CPU.ActiveCfg = Debug|Any CPU
		{18BE213E-61A4-FCF4-B1DE-9048CA0497C9}.Debug|Any CPU.Build.0 = Debug|Any CPU
		{18BE213E-61A4-FCF4-B1DE-9048CA0497C9}.Release|Any CPU.ActiveCfg = Release|Any CPU
		{18BE213E-61A4-FCF4-B1DE-9048CA0497C9}.Release|Any CPU.Build.0 = Release|Any CPU
	EndGlobalSection
	GlobalSection(SolutionProperties) = preSolution
		HideSolutionNode = FALSE
	EndGlobalSection
	GlobalSection(NestedProjects) = preSolution
		{18BE213E-61A4-FCF4-B1DE-9048CA0497C9} = {0701BB07-FB73-E697-BDF3-20520032AC3F}
	EndGlobalSection
	GlobalSection(ExtensibilityGlobals) = postSolution
		SolutionGuid = {02C8440E-E699-4A37-ABA0-FA8E626AB2D9}
	EndGlobalSection
EndGlobal
